
Microsoft Visual Studio Solution File, Format Version 12.00
# Visual Studio Version 17
VisualStudioVersion = 17.0.31903.59
MinimumVisualStudioVersion = 10.0.40219.1
Project("{2150E333-8FDC-42A3-9474-1A3956D46DE8}") = "src", "src", "{827E0CD3-B72D-47B6-A68D-7590B98EB39B}"
EndProject
Project("{FAE04EC0-301F-11D3-BF4B-00C04F79EFBC}") = "Queuey.Client", "src\Queuey.Client\Queuey.Client.csproj", "{4C727592-0F54-48EB-88AE-D481AB0C116A}"
EndProject
Project("{FAE04EC0-301F-11D3-BF4B-00C04F79EFBC}") = "Queuey.Client.Tests", "tests\Queuey.Client.Tests\Queuey.Client.Tests.csproj", "{A38BDFD2-15FA-49AF-BCCD-35AC5BE41D02}"
EndProject
Project("{FAE04EC0-301F-11D3-BF4B-00C04F79EFBC}") = "Queuey.Sample.Console", "samples\Queuey.Sample.Console\Queuey.Sample.Console.csproj", "{C8B0E822-DEF1-4EA1-9A44-82DBF67C8503}"
EndProject
Project("{FAE04EC0-301F-11D3-BF4B-00C04F79EFBC}") = "Queuey.Client.Waas", "src\Queuey.Client.Waas\Queuey.Client.Waas.csproj", "{6B3E1BE1-0D5D-493E-AA66-B85BCAEF0EDA}"
EndProject
Project("{FAE04EC0-301F-11D3-BF4B-00C04F79EFBC}") = "Queuey.Client.Waas.Tests", "tests\Queuey.Client.Waas.Tests\Queuey.Client.Waas.Tests.csproj", "{A7A7E33F-7DB3-4E63-96EA-0C82A42BF082}"
EndProject
Project("{FAE04EC0-301F-11D3-BF4B-00C04F79EFBC}") = "Queuey.Client.Cli", "src\Queuey.Client.Cli\Queuey.Client.Cli.csproj", "{6D60B841-B010-4273-88FE-6922F3F42BE5}"
EndProject
Project("{FAE04EC0-301F-11D3-BF4B-00C04F79EFBC}") = "Queuey.Client.Cli.Tests", "tests\Queuey.Client.Cli.Tests\Queuey.Client.Cli.Tests.csproj", "{50518F16-590E-49C9-A0B9-96D6A96332F6}"
EndProject
Project("{2150E333-8FDC-42A3-9474-1A3956D46DE8}") = "samples", "samples", "{5D20AA90-6969-D8BD-9DCD-8634F4692FDA}"
EndProject
Project("{FAE04EC0-301F-11D3-BF4B-00C04F79EFBC}") = "Queuey.Examples.Console", "samples\Queuey.Examples.Console\Queuey.Examples.Console.csproj", "{057FE7DE-87A1-41A6-A6E8-6401DBB12F32}"
EndProject
Project("{FAE04EC0-301F-11D3-BF4B-00C04F79EFBC}") = "Queuey.Edge", "src\Queuey.Edge\Queuey.Edge.csproj", "{175263F4-13B5-4785-915B-3F6934ED6312}"
EndProject
Project("{2150E333-8FDC-42A3-9474-1A3956D46DE8}") = "tests", "tests", "{0AB3BF05-4346-4AA6-1389-037BE0695223}"
EndProject
Project("{FAE04EC0-301F-11D3-BF4B-00C04F79EFBC}") = "Queuey.Edge.Tests", "tests\Queuey.Edge.Tests\Queuey.Edge.Tests.csproj", "{0DA5B3E8-B1F6-4D3E-B720-F4BF09CF3E40}"
EndProject
Project("{FAE04EC0-301F-11D3-BF4B-00C04F79EFBC}") = "Queuey.Edge.Demo", "samples\Queuey.Edge.Demo\Queuey.Edge.Demo.csproj", "{35E9713B-B812-487D-8911-7E337FDDECEB}"
EndProject
Global
	GlobalSection(SolutionConfigurationPlatforms) = preSolution
		Debug|Any CPU = Debug|Any CPU
		Debug|x64 = Debug|x64
		Debug|x86 = Debug|x86
		Release|Any CPU = Release|Any CPU
		Release|x64 = Release|x64
		Release|x86 = Release|x86
	EndGlobalSection
	GlobalSection(ProjectConfigurationPlatforms) = postSolution
		{4C727592-0F54-48EB-88AE-D481AB0C116A}.Debug|Any CPU.ActiveCfg = Debug|Any CPU
		{4C727592-0F54-48EB-88AE-D481AB0C116A}.Debug|Any CPU.Build.0 = Debug|Any CPU
		{4C727592-0F54-48EB-88AE-D481AB0C116A}.Debug|x64.ActiveCfg = Debug|Any CPU
		{4C727592-0F54-48EB-88AE-D481AB0C116A}.Debug|x64.Build.0 = Debug|Any CPU
		{4C727592-0F54-48EB-88AE-D481AB0C116A}.Debug|x86.ActiveCfg = Debug|Any CPU
		{4C727592-0F54-48EB-88AE-D481AB0C116A}.Debug|x86.Build.0 = Debug|Any CPU
		{4C727592-0F54-48EB-88AE-D481AB0C116A}.Release|Any CPU.ActiveCfg = Release|Any CPU
		{4C727592-0F54-48EB-88AE-D481AB0C116A}.Release|Any CPU.Build.0 = Release|Any CPU
		{4C727592-0F54-48EB-88AE-D481AB0C116A}.Release|x64.ActiveCfg = Release|Any CPU
		{4C727592-0F54-48EB-88AE-D481AB0C116A}.Release|x64.Build.0 = Release|Any CPU
		{4C727592-0F54-48EB-88AE-D481AB0C116A}.Release|x86.ActiveCfg = Release|Any CPU
		{4C727592-0F54-48EB-88AE-D481AB0C116A}.Release|x86.Build.0 = Release|Any CPU
		{A38BDFD2-15FA-49AF-BCCD-35AC5BE41D02}.Debug|Any CPU.ActiveCfg = Debug|Any CPU
		{A38BDFD2-15FA-49AF-BCCD-35AC5BE41D02}.Debug|Any CPU.Build.0 = Debug|Any CPU
		{A38BDFD2-15FA-49AF-BCCD-35AC5BE41D02}.Debug|x64.ActiveCfg = Debug|Any CPU
		{A38BDFD2-15FA-49AF-BCCD-35AC5BE41D02}.Debug|x64.Build.0 = Debug|Any CPU
		{A38BDFD2-15FA-49AF-BCCD-35AC5BE41D02}.Debug|x86.ActiveCfg = Debug|Any CPU
		{A38BDFD2-15FA-49AF-BCCD-35AC5BE41D02}.Debug|x86.Build.0 = Debug|Any CPU
		{A38BDFD2-15FA-49AF-BCCD-35AC5BE41D02}.Release|Any CPU.ActiveCfg = Release|Any CPU
		{A38BDFD2-15FA-49AF-BCCD-35AC5BE41D02}.Release|Any CPU.Build.0 = Release|Any CPU
		{A38BDFD2-15FA-49AF-BCCD-35AC5BE41D02}.Release|x64.ActiveCfg = Release|Any CPU
		{A38BDFD2-15FA-49AF-BCCD-35AC5BE41D02}.Release|x64.Build.0 = Release|Any CPU
		{A38BDFD2-15FA-49AF-BCCD-35AC5BE41D02}.Release|x86.ActiveCfg = Release|Any CPU
		{A38BDFD2-15FA-49AF-BCCD-35AC5BE41D02}.Release|x86.Build.0 = Release|Any CPU
		{C8B0E822-DEF1-4EA1-9A44-82DBF67C8503}.Debug|Any CPU.ActiveCfg = Debug|Any CPU
		{C8B0E822-DEF1-4EA1-9A44-82DBF67C8503}.Debug|Any CPU.Build.0 = Debug|Any CPU
		{C8B0E822-DEF1-4EA1-9A44-82DBF67C8503}.Debug|x64.ActiveCfg = Debug|Any CPU
		{C8B0E822-DEF1-4EA1-9A44-82DBF67C8503}.Debug|x64.Build.0 = Debug|Any CPU
		{C8B0E822-DEF1-4EA1-9A44-82DBF67C8503}.Debug|x86.ActiveCfg = Debug|Any CPU
		{C8B0E822-DEF1-4EA1-9A44-82DBF67C8503}.Debug|x86.Build.0 = Debug|Any CPU
		{C8B0E822-DEF1-4EA1-9A44-82DBF67C8503}.Release|Any CPU.ActiveCfg = Release|Any CPU
		{C8B0E822-DEF1-4EA1-9A44-82DBF67C8503}.Release|Any CPU.Build.0 = Release|Any CPU
		{C8B0E822-DEF1-4EA1-9A44-82DBF67C8503}.Release|x64.ActiveCfg = Release|Any CPU
		{C8B0E822-DEF1-4EA1-9A44-82DBF67C8503}.Release|x64.Build.0 = Release|Any CPU
		{C8B0E822-DEF1-4EA1-9A44-82DBF67C8503}.Release|x86.ActiveCfg = Release|Any CPU
		{C8B0E822-DEF1-4EA1-9A44-82DBF67C8503}.Release|x86.Build.0 = Release|Any CPU
		{6B3E1BE1-0D5D-493E-AA66-B85BCAEF0EDA}.Debug|Any CPU.ActiveCfg = Debug|Any CPU
		{6B3E1BE1-0D5D-493E-AA66-B85BCAEF0EDA}.Debug|Any CPU.Build.0 = Debug|Any CPU
		{6B3E1BE1-0D5D-493E-AA66-B85BCAEF0EDA}.Debug|x64.ActiveCfg = Debug|Any CPU
		{6B3E1BE1-0D5D-493E-AA66-B85BCAEF0EDA}.Debug|x64.Build.0 = Debug|Any CPU
		{6B3E1BE1-0D5D-493E-AA66-B85BCAEF0EDA}.Debug|x86.ActiveCfg = Debug|Any CPU
		{6B3E1BE1-0D5D-493E-AA66-B85BCAEF0EDA}.Debug|x86.Build.0 = Debug|Any CPU
		{6B3E1BE1-0D5D-493E-AA66-B85BCAEF0EDA}.Release|Any CPU.ActiveCfg = Release|Any CPU
		{6B3E1BE1-0D5D-493E-AA66-B85BCAEF0EDA}.Release|Any CPU.Build.0 = Release|Any CPU
		{6B3E1BE1-0D5D-493E-AA66-B85BCAEF0EDA}.Release|x64.ActiveCfg = Release|Any CPU
		{6B3E1BE1-0D5D-493E-AA66-B85BCAEF0EDA}.Release|x64.Build.0 = Release|Any CPU
		{6B3E1BE1-0D5D-493E-AA66-B85BCAEF0EDA}.Release|x86.ActiveCfg = Release|Any CPU
		{6B3E1BE1-0D5D-493E-AA66-B85BCAEF0EDA}.Release|x86.Build.0 = Release|Any CPU
		{A7A7E33F-7DB3-4E63-96EA-0C82A42BF082}.Debug|Any CPU.ActiveCfg = Debug|Any CPU
		{A7A7E33F-7DB3-4E63-96EA-0C82A42BF082}.Debug|Any CPU.Build.0 = Debug|Any CPU
		{A7A7E33F-7DB3-4E63-96EA-0C82A42BF082}.Debug|x64.ActiveCfg = Debug|Any CPU
		{A7A7E33F-7DB3-4E63-96EA-0C82A42BF082}.Debug|x64.Build.0 = Debug|Any CPU
		{A7A7E33F-7DB3-4E63-96EA-0C82A42BF082}.Debug|x86.ActiveCfg = Debug|Any CPU
		{A7A7E33F-7DB3-4E63-96EA-0C82A42BF082}.Debug|x86.Build.0 = Debug|Any CPU
		{A7A7E33F-7DB3-4E63-96EA-0C82A42BF082}.Release|Any CPU.ActiveCfg = Release|Any CPU
		{A7A7E33F-7DB3-4E63-96EA-0C82A42BF082}.Release|Any CPU.Build.0 = Release|Any CPU
		{A7A7E33F-7DB3-4E63-96EA-0C82A42BF082}.Release|x64.ActiveCfg = Release|Any CPU
		{A7A7E33F-7DB3-4E63-96EA-0C82A42BF082}.Release|x64.Build.0 = Release|Any CPU
		{A7A7E33F-7DB3-4E63-96EA-0C82A42BF082}.Release|x86.ActiveCfg = Release|Any CPU
		{A7A7E33F-7DB3-4E63-96EA-0C82A42BF082}.Release|x86.Build.0 = Release|Any CPU
		{6D60B841-B010-4273-88FE-6922F3F42BE5}.Debug|Any CPU.ActiveCfg = Debug|Any CPU
		{6D60B841-B010-4273-88FE-6922F3F42BE5}.Debug|Any CPU.Build.0 = Debug|Any CPU
		{6D60B841-B010-4273-88FE-6922F3F42BE5}.Debug|x64.ActiveCfg = Debug|Any CPU
		{6D60B841-B010-4273-88FE-6922F3F42BE5}.Debug|x64.Build.0 = Debug|Any CPU
		{6D60B841-B010-4273-88FE-6922F3F42BE5}.Debug|x86.ActiveCfg = Debug|Any CPU
		{6D60B841-B010-4273-88FE-6922F3F42BE5}.Debug|x86.Build.0 = Debug|Any CPU
		{6D60B841-B010-4273-88FE-6922F3F42BE5}.Release|Any CPU.ActiveCfg = Release|Any CPU
		{6D60B841-B010-4273-88FE-6922F3F42BE5}.Release|Any CPU.Build.0 = Release|Any CPU
		{6D60B841-B010-4273-88FE-6922F3F42BE5}.Release|x64.ActiveCfg = Release|Any CPU
		{6D60B841-B010-4273-88FE-6922F3F42BE5}.Release|x64.Build.0 = Release|Any CPU
		{6D60B841-B010-4273-88FE-6922F3F42BE5}.Release|x86.ActiveCfg = Release|Any CPU
		{6D60B841-B010-4273-88FE-6922F3F42BE5}.Release|x86.Build.0 = Release|Any CPU
		{50518F16-590E-49C9-A0B9-96D6A96332F6}.Debug|Any CPU.ActiveCfg = Debug|Any CPU
		{50518F16-590E-49C9-A0B9-96D6A96332F6}.Debug|Any CPU.Build.0 = Debug|Any CPU
		{50518F16-590E-49C9-A0B9-96D6A96332F6}.Debug|x64.ActiveCfg = Debug|Any CPU
		{50518F16-590E-49C9-A0B9-96D6A96332F6}.Debug|x64.Build.0 = Debug|Any CPU
		{50518F16-590E-49C9-A0B9-96D6A96332F6}.Debug|x86.ActiveCfg = Debug|Any CPU
		{50518F16-590E-49C9-A0B9-96D6A96332F6}.Debug|x86.Build.0 = Debug|Any CPU
		{50518F16-590E-49C9-A0B9-96D6A96332F6}.Release|Any CPU.ActiveCfg = Release|Any CPU
		{50518F16-590E-49C9-A0B9-96D6A96332F6}.Release|Any CPU.Build.0 = Release|Any CPU
		{50518F16-590E-49C9-A0B9-96D6A96332F6}.Release|x64.ActiveCfg = Release|Any CPU
		{50518F16-590E-49C9-A0B9-96D6A96332F6}.Release|x64.Build.0 = Release|Any CPU
		{50518F16-590E-49C9-A0B9-96D6A96332F6}.Release|x86.ActiveCfg = Release|Any CPU
		{50518F16-590E-49C9-A0B9-96D6A96332F6}.Release|x86.Build.0 = Release|Any CPU
		{057FE7DE-87A1-41A6-A6E8-6401DBB12F32}.Debug|Any CPU.ActiveCfg = Debug|Any CPU
		{057FE7DE-87A1-41A6-A6E8-6401DBB12F32}.Debug|Any CPU.Build.0 = Debug|Any CPU
		{057FE7DE-87A1-41A6-A6E8-6401DBB12F32}.Debug|x64.ActiveCfg = Debug|Any CPU
		{057FE7DE-87A1-41A6-A6E8-6401DBB12F32}.Debug|x64.Build.0 = Debug|Any CPU
		{057FE7DE-87A1-41A6-A6E8-6401DBB12F32}.Debug|x86.ActiveCfg = Debug|Any CPU
		{057FE7DE-87A1-41A6-A6E8-6401DBB12F32}.Debug|x86.Build.0 = Debug|Any CPU
		{057FE7DE-87A1-41A6-A6E8-6401DBB12F32}.Release|Any CPU.ActiveCfg = Release|Any CPU
		{057FE7DE-87A1-41A6-A6E8-6401DBB12F32}.Release|Any CPU.Build.0 = Release|Any CPU
		{057FE7DE-87A1-41A6-A6E8-6401DBB12F32}.Release|x64.ActiveCfg = Release|Any CPU
		{057FE7DE-87A1-41A6-A6E8-6401DBB12F32}.Release|x64.Build.0 = Release|Any CPU
		{057FE7DE-87A1-41A6-A6E8-6401DBB12F32}.Release|x86.ActiveCfg = Release|Any CPU
		{057FE7DE-87A1-41A6-A6E8-6401DBB12F32}.Release|x86.Build.0 = Release|Any CPU
		{175263F4-13B5-4785-915B-3F6934ED6312}.Debug|Any CPU.ActiveCfg = Debug|Any CPU
		{175263F4-13B5-4785-915B-3F6934ED6312}.Debug|Any CPU.Build.0 = Debug|Any CPU
		{175263F4-13B5-4785-915B-3F6934ED6312}.Debug|x64.ActiveCfg = Debug|Any CPU
		{175263F4-13B5-4785-915B-3F6934ED6312}.Debug|x64.Build.0 = Debug|Any CPU
		{175263F4-13B5-4785-915B-3F6934ED6312}.Debug|x86.ActiveCfg = Debug|Any CPU
		{175263F4-13B5-4785-915B-3F6934ED6312}.Debug|x86.Build.0 = Debug|Any CPU
		{175263F4-13B5-4785-915B-3F6934ED6312}.Release|Any CPU.ActiveCfg = Release|Any CPU
		{175263F4-13B5-4785-915B-3F6934ED6312}.Release|Any CPU.Build.0 = Release|Any CPU
		{175263F4-13B5-4785-915B-3F6934ED6312}.Release|x64.ActiveCfg = Release|Any CPU
		{175263F4-13B5-4785-915B-3F6934ED6312}.Release|x64.Build.0 = Release|Any CPU
		{175263F4-13B5-4785-915B-3F6934ED6312}.Release|x86.ActiveCfg = Release|Any CPU
		{175263F4-13B5-4785-915B-3F6934ED6312}.Release|x86.Build.0 = Release|Any CPU
		{0DA5B3E8-B1F6-4D3E-B720-F4BF09CF3E40}.Debug|Any CPU.ActiveCfg = Debug|Any CPU
		{0DA5B3E8-B1F6-4D3E-B720-F4BF09CF3E40}.Debug|Any CPU.Build.0 = Debug|Any CPU
		{0DA5B3E8-B1F6-4D3E-B720-F4BF09CF3E40}.Debug|x64.ActiveCfg = Debug|Any CPU
		{0DA5B3E8-B1F6-4D3E-B720-F4BF09CF3E40}.Debug|x64.Build.0 = Debug|Any CPU
		{0DA5B3E8-B1F6-4D3E-B720-F4BF09CF3E40}.Debug|x86.ActiveCfg = Debug|Any CPU
		{0DA5B3E8-B1F6-4D3E-B720-F4BF09CF3E40}.Debug|x86.Build.0 = Debug|Any CPU
		{0DA5B3E8-B1F6-4D3E-B720-F4BF09CF3E40}.Release|Any CPU.ActiveCfg = Release|Any CPU
		{0DA5B3E8-B1F6-4D3E-B720-F4BF09CF3E40}.Release|Any CPU.Build.0 = Release|Any CPU
		{0DA5B3E8-B1F6-4D3E-B720-F4BF09CF3E40}.Release|x64.ActiveCfg = Release|Any CPU
		{0DA5B3E8-B1F6-4D3E-B720-F4BF09CF3E40}.Release|x64.Build.0 = Release|Any CPU
		{0DA5B3E8-B1F6-4D3E-B720-F4BF09CF3E40}.Release|x86.ActiveCfg = Release|Any CPU
		{0DA5B3E8-B1F6-4D3E-B720-F4BF09CF3E40}.Release|x86.Build.0 = Release|Any CPU
		{35E9713B-B812-487D-8911-7E337FDDECEB}.Debug|Any CPU.ActiveCfg = Debug|Any CPU
		{35E9713B-B812-487D-8911-7E337FDDECEB}.Debug|Any CPU.Build.0 = Debug|Any CPU
		{35E9713B-B812-487D-8911-7E337FDDECEB}.Debug|x64.ActiveCfg = Debug|Any CPU
		{35E9713B-B812-487D-8911-7E337FDDECEB}.Debug|x64.Build.0 = Debug|Any CPU
		{35E9713B-B812-487D-8911-7E337FDDECEB}.Debug|x86.ActiveCfg = Debug|Any CPU
		{35E9713B-B812-487D-8911-7E337FDDECEB}.Debug|x86.Build.0 = Debug|Any CPU
		{35E9713B-B812-487D-8911-7E337FDDECEB}.Release|Any CPU.ActiveCfg = Release|Any CPU
		{35E9713B-B812-487D-8911-7E337FDDECEB}.Release|Any CPU.Build.0 = Release|Any CPU
		{35E9713B-B812-487D-8911-7E337FDDECEB}.Release|x64.ActiveCfg = Release|Any CPU
		{35E9713B-B812-487D-8911-7E337FDDECEB}.Release|x64.Build.0 = Release|Any CPU
		{35E9713B-B812-487D-8911-7E337FDDECEB}.Release|x86.ActiveCfg = Release|Any CPU
		{35E9713B-B812-487D-8911-7E337FDDECEB}.Release|x86.Build.0 = Release|Any CPU
	EndGlobalSection
	GlobalSection(SolutionProperties) = preSolution
		HideSolutionNode = FALSE
	EndGlobalSection
	GlobalSection(NestedProjects) = preSolution
		{4C727592-0F54-48EB-88AE-D481AB0C116A} = {827E0CD3-B72D-47B6-A68D-7590B98EB39B}
		{A38BDFD2-15FA-49AF-BCCD-35AC5BE41D02} = {827E0CD3-B72D-47B6-A68D-7590B98EB39B}
		{C8B0E822-DEF1-4EA1-9A44-82DBF67C8503} = {827E0CD3-B72D-47B6-A68D-7590B98EB39B}
		{6B3E1BE1-0D5D-493E-AA66-B85BCAEF0EDA} = {827E0CD3-B72D-47B6-A68D-7590B98EB39B}
		{A7A7E33F-7DB3-4E63-96EA-0C82A42BF082} = {827E0CD3-B72D-47B6-A68D-7590B98EB39B}
		{6D60B841-B010-4273-88FE-6922F3F42BE5} = {827E0CD3-B72D-47B6-A68D-7590B98EB39B}
		{50518F16-590E-49C9-A0B9-96D6A96332F6} = {827E0CD3-B72D-47B6-A68D-7590B98EB39B}
		{057FE7DE-87A1-41A6-A6E8-6401DBB12F32} = {5D20AA90-6969-D8BD-9DCD-8634F4692FDA}
		{175263F4-13B5-4785-915B-3F6934ED6312} = {827E0CD3-B72D-47B6-A68D-7590B98EB39B}
		{0DA5B3E8-B1F6-4D3E-B720-F4BF09CF3E40} = {0AB3BF05-4346-4AA6-1389-037BE0695223}
		{35E9713B-B812-487D-8911-7E337FDDECEB} = {5D20AA90-6969-D8BD-9DCD-8634F4692FDA}
	EndGlobalSection
EndGlobal
